{
  "name": "chorda-bulma",
  "version": "3.0.0",
  "lockfileVersion": 1,
  "requires": true,
  "dependencies": {
    "@fortawesome/fontawesome-common-types": {
      "version": "0.2.35",
      "resolved": "https://registry.npmjs.org/@fortawesome/fontawesome-common-types/-/fontawesome-common-types-0.2.35.tgz",
      "integrity": "sha512-IHUfxSEDS9dDGqYwIW7wTN6tn/O8E0n5PcAHz9cAaBoZw6UpG20IG/YM3NNLaGPwPqgjBAFjIURzqoQs3rrtuw=="
    },
    "@fortawesome/free-solid-svg-icons": {
      "version": "5.15.3",
      "resolved": "https://registry.npmjs.org/@fortawesome/free-solid-svg-icons/-/free-solid-svg-icons-5.15.3.tgz",
      "integrity": "sha512-XPeeu1IlGYqz4VWGRAT5ukNMd4VHUEEJ7ysZ7pSSgaEtNvSo+FLurybGJVmiqkQdK50OkSja2bfZXOeyMGRD8Q==",
      "requires": {
        "@fortawesome/fontawesome-common-types": "^0.2.35"
      }
    },
    "bulma": {
      "version": "0.9.3",
      "resolved": "https://registry.npmjs.org/bulma/-/bulma-0.9.3.tgz",
      "integrity": "sha512-0d7GNW1PY4ud8TWxdNcP6Cc8Bu7MxcntD/RRLGWuiw/s0a9P+XlH/6QoOIrmbj6o8WWJzJYhytiu9nFjTszk1g=="
    },
    "bulma-badge": {
      "version": "3.0.1",
      "resolved": "https://registry.npmjs.org/bulma-badge/-/bulma-badge-3.0.1.tgz",
      "integrity": "sha512-owRTbInXkpsSrFSvCXyWMNyjcQXr7j3Vj4aSnKYISalcmYqql/YVC7e82M/MXFQG8J66ak5VvIu6dCrdAiQUtQ==",
      "requires": {
        "bulma": "^0.9.3"
      }
    },
    "bulma-checkradio": {
      "version": "1.1.1",
      "resolved": "https://registry.npmjs.org/bulma-checkradio/-/bulma-checkradio-1.1.1.tgz",
      "integrity": "sha512-6Wn2faBiFkctSeiaQkeU2MbjkQeuXsN4AthBDEKrHGGPl5wmV2GEj4iZCqzvw7Te7baaHdU8PbUgrmlD5D6oGA=="
    },
    "bulma-divider": {
      "version": "0.2.0",
      "resolved": "https://registry.npmjs.org/bulma-divider/-/bulma-divider-0.2.0.tgz",
      "integrity": "sha512-REe3k56GECRfDaqFjC8cwLhV4RxXmV0RubuzDJqwior9wlJcdHlN0qfW0tvUX+qphikaTQegIeRuhjRIAqkjkw=="
    },
    "bulma-slider": {
      "version": "2.0.4",
      "resolved": "https://registry.npmjs.org/bulma-slider/-/bulma-slider-2.0.4.tgz",
      "integrity": "sha512-JKuU/vp2si5I2rWiHBKaaYWBRECNY1Ow7yNFjxlHdUnPLowNee02K6QYd/ORGEesFPAHXOt+mKPZTEYFhKmviQ=="
    },
    "bulma-switch": {
      "version": "2.0.0",
      "resolved": "https://registry.npmjs.org/bulma-switch/-/bulma-switch-2.0.0.tgz",
      "integrity": "sha512-myD38zeUfjmdduq+pXabhJEe3x2hQP48l/OI+Y0fO3HdDynZUY/VJygucvEAJKRjr4HxD5DnEm4yx+oDOBXpAA=="
    },
    "bulma-tooltip": {
      "version": "3.0.2",
      "resolved": "https://registry.npmjs.org/bulma-tooltip/-/bulma-tooltip-3.0.2.tgz",
      "integrity": "sha512-CsT3APjhlZScskFg38n8HYL8oYNUHQtcu4sz6ERarxkUpBRbk9v0h/5KAvXeKapVSn2dp9l7bOGit5SECP8EWQ=="
    }
  }
}
